
Microsoft Visual Studio Solution File, Format Version 12.00
# Visual Studio Version 17
VisualStudioVersion = 17.5.002.0
MinimumVisualStudioVersion = 10.0.40219.1
Project("{9A19103F-16F7-4668-BE54-9A1E7A4F7556}") = "apiex", "apiex.csproj", "{33D12188-623A-4C64-952E-B5F87CD24146}"
EndProject
Global
	GlobalSection(SolutionConfigurationPlatforms) = preSolution
		Debug|Any CPU = Debug|Any CPU
		Release|Any CPU = Release|Any CPU
	EndGlobalSection
	GlobalSection(ProjectConfigurationPlatforms) = postSolution
		{33D12188-623A-4C64-952E-B5F87CD24146}.Debug|Any CPU.ActiveCfg = Debug|Any CPU
		{33D12188-623A-4C64-952E-B5F87CD24146}.Debug|Any CPU.Build.0 = Debug|Any CPU
		{33D12188-623A-4C64-952E-B5F87CD24146}.Release|Any CPU.ActiveCfg = Release|Any CPU
		{33D12188-623A-4C64-952E-B5F87CD24146}.Release|Any CPU.Build.0 = Release|Any CPU
	EndGlobalSection
	GlobalSection(SolutionProperties) = preSolution
		HideSolutionNode = FALSE
	EndGlobalSection
	GlobalSection(ExtensibilityGlobals) = postSolution
		SolutionGuid = {88A55847-9845-4817-976A-8EC92D2FEAA6}
	EndGlobalSection
EndGlobal
